schema: '2.0'
stages:
  get_data:
    cmd: python src/make_data.py --out data/raw/telco_churn.csv
    outs:
    - path: data/raw/telco_churn.csv
      hash: md5
      md5: 21d441a28bce4417276097df955afc50
      size: 2928
  train:
    cmd: python src/train.py --data data/raw/telco_churn.csv --model 
      models/telco_churn_model.pkl --params params.yaml --metrics metrics.json
    deps:
    - path: data/raw/telco_churn.csv
      hash: md5
      md5: 21d441a28bce4417276097df955afc50
      size: 2928
    - path: params.yaml
      hash: md5
      md5: d29ea245a9b2ef9195eccc4756fc016a
      size: 243
    - path: src/train.py
      hash: md5
      md5: 26f5cdbb7895de90be14b9248154cf4e
      size: 2263
    outs:
    - path: metrics.json
      hash: md5
      md5: 31ffd306668e60e5b1d417ae0b7354a4
      size: 38
    - path: models/telco_churn_model.pkl
      hash: md5
      md5: 57ec47e013837aa698f06c9ee96544ed
      size: 1375
